
Microsoft Visual Studio Solution File, Format Version 12.00
Project("{FAE04EC0-301F-11D3-BF4B-00C04F79EFBC}") = "alexyz.dev.dbrepo", "alexyz.dev.dbrepo\alexyz.dev.dbrepo.csproj", "{5D82BC6A-D59B-43A3-B523-7B4380CD5076}"
EndProject
Global
	GlobalSection(SolutionConfigurationPlatforms) = preSolution
		Debug|Any CPU = Debug|Any CPU
		Release|Any CPU = Release|Any CPU
	EndGlobalSection
	GlobalSection(ProjectConfigurationPlatforms) = postSolution
		{5D82BC6A-D59B-43A3-B523-7B4380CD5076}.Debug|Any CPU.ActiveCfg = Debug|Any CPU
		{5D82BC6A-D59B-43A3-B523-7B4380CD5076}.Debug|Any CPU.Build.0 = Debug|Any CPU
		{5D82BC6A-D59B-43A3-B523-7B4380CD5076}.Release|Any CPU.ActiveCfg = Release|Any CPU
		{5D82BC6A-D59B-43A3-B523-7B4380CD5076}.Release|Any CPU.Build.0 = Release|Any CPU
	EndGlobalSection
EndGlobal
